
Microsoft Visual Studio Solution File, Format Version 12.00
# Visual Studio 15
VisualStudioVersion = 15.0.26730.16
MinimumVisualStudioVersion = 10.0.40219.1
Project("{FAE04EC0-301F-11D3-BF4B-00C04F79EFBC}") = "GCP_IoT_MQTT", "GCP_IoT_MQTT\GCP_IoT_MQTT.csproj", "{D652BECA-4C0D-42A4-A744-2235938DD53F}"
EndProject
Global
	GlobalSection(SolutionConfigurationPlatforms) = preSolution
		Debug|Any CPU = Debug|Any CPU
		Release|Any CPU = Release|Any CPU
	EndGlobalSection
	GlobalSection(ProjectConfigurationPlatforms) = postSolution
		{D652BECA-4C0D-42A4-A744-2235938DD53F}.Debug|Any CPU.ActiveCfg = Debug|Any CPU
		{D652BECA-4C0D-42A4-A744-2235938DD53F}.Debug|Any CPU.Build.0 = Debug|Any CPU
		{D652BECA-4C0D-42A4-A744-2235938DD53F}.Release|Any CPU.ActiveCfg = Release|Any CPU
		{D652BECA-4C0D-42A4-A744-2235938DD53F}.Release|Any CPU.Build.0 = Release|Any CPU
	EndGlobalSection
	GlobalSection(SolutionProperties) = preSolution
		HideSolutionNode = FALSE
	EndGlobalSection
	GlobalSection(ExtensibilityGlobals) = postSolution
		SolutionGuid = {FA6BE2F4-1A2C-4369-A3A6-F314C881EDBF}
	EndGlobalSection
EndGlobal
